// !$*UTF8*$!
{
	archiveVersion = 1;
	classes = {
	};
	objectVersion = 50;
	objects = {

/* Begin PBXBuildFile section */
		406E2C7222D521ED00D3D460 /* ColorProvider.swift in Sources */ = {isa = PBXBuildFile; fileRef = 406E2C7122D521ED00D3D460 /* ColorProvider.swift */; };
		40B8D0EA22D487240081CD0C /* AppDelegate.swift in Sources */ = {isa = PBXBuildFile; fileRef = 40B8D0E922D487240081CD0C /* AppDelegate.swift */; };
		40B8D0EC22D487240081CD0C /* SceneDelegate.swift in Sources */ = {isa = PBXBuildFile; fileRef = 40B8D0EB22D487240081CD0C /* SceneDelegate.swift */; };
		40B8D0EE22D487240081CD0C /* ContentView.swift in Sources */ = {isa = PBXBuildFile; fileRef = 40B8D0ED22D487240081CD0C /* ContentView.swift */; };
		40B8D0F022D487260081CD0C /* Assets.xcassets in Resources */ = {isa = PBXBuildFile; fileRef = 40B8D0EF22D487260081CD0C /* Assets.xcassets */; };
		40B8D0F322D487260081CD0C /* Preview Assets.xcassets in Resources */ = {isa = PBXBuildFile; fileRef = 40B8D0F222D487260081CD0C /* Preview Assets.xcassets */; };
		40B8D0F622D487260081CD0C /* LaunchScreen.storyboard in Resources */ = {isa = PBXBuildFile; fileRef = 40B8D0F422D487260081CD0C /* LaunchScreen.storyboard */; };
		40B8D0FE22D487B20081CD0C /* Helper.swift in Sources */ = {isa = PBXBuildFile; fileRef = 40B8D0FD22D487B20081CD0C /* Helper.swift */; };
		40B8D10122D487BE0081CD0C /* Menu.swift in Sources */ = {isa = PBXBuildFile; fileRef = 40B8D0FF22D487BD0081CD0C /* Menu.swift */; };
		40B8D10222D487BE0081CD0C /* Order.swift in Sources */ = {isa = PBXBuildFile; fileRef = 40B8D10022D487BE0081CD0C /* Order.swift */; };
		40B8D10422D487E90081CD0C /* menu.json in Resources */ = {isa = PBXBuildFile; fileRef = 40B8D10322D487E90081CD0C /* menu.json */; };
		40DFB08D22D48DB200D6D112 /* ItemRow.swift in Sources */ = {isa = PBXBuildFile; fileRef = 40DFB08C22D48DB200D6D112 /* ItemRow.swift */; };
		40DFB08F22D495D600D6D112 /* ItemDetail.swift in Sources */ = {isa = PBXBuildFile; fileRef = 40DFB08E22D495D600D6D112 /* ItemDetail.swift */; };
		40DFB09122D4A2FA00D6D112 /* OrderView.swift in Sources */ = {isa = PBXBuildFile; fileRef = 40DFB09022D4A2FA00D6D112 /* OrderView.swift */; };
		40DFB09322D4A45200D6D112 /* TabView.swift in Sources */ = {isa = PBXBuildFile; fileRef = 40DFB09222D4A45200D6D112 /* TabView.swift */; };
		40DFB09522D4A60100D6D112 /* CheckoutView.swift in Sources */ = {isa = PBXBuildFile; fileRef = 40DFB09422D4A60100D6D112 /* CheckoutView.swift */; };
/* End PBXBuildFile section */

/* Begin PBXFileReference section */
		406E2C6F22D520AE00D3D460 /* Menu.swift */ = {isa = PBXFileReference; lastKnownFileType = sourcecode.swift; path = Menu.swift; sourceTree = "<group>"; };
		406E2C7022D520AE00D3D460 /* Order.swift */ = {isa = PBXFileReference; lastKnownFileType = sourcecode.swift; path = Order.swift; sourceTree = "<group>"; };
		406E2C7122D521ED00D3D460 /* ColorProvider.swift */ = {isa = PBXFileReference; lastKnownFileType = sourcecode.swift; path = ColorProvider.swift; sourceTree = "<group>"; };
		40B8D0E622D487240081CD0C /* iDine.app */ = {isa = PBXFileReference; explicitFileType = wrapper.application; includeInIndex = 0; path = iDine.app; sourceTree = BUILT_PRODUCTS_DIR; };
		40B8D0E922D487240081CD0C /* AppDelegate.swift */ = {isa = PBXFileReference; lastKnownFileType = sourcecode.swift; path = AppDelegate.swift; sourceTree = "<group>"; };
		40B8D0EB22D487240081CD0C /* SceneDelegate.swift */ = {isa = PBXFileReference; lastKnownFileType = sourcecode.swift; path = SceneDelegate.swift; sourceTree = "<group>"; };
		40B8D0ED22D487240081CD0C /* ContentView.swift */ = {isa = PBXFileReference; lastKnownFileType = sourcecode.swift; path = ContentView.swift; sourceTree = "<group>"; };
		40B8D0EF22D487260081CD0C /* Assets.xcassets */ = {isa = PBXFileReference; lastKnownFileType = folder.assetcatalog; path = Assets.xcassets; sourceTree = "<group>"; };
		40B8D0F222D487260081CD0C /* Preview Assets.xcassets */ = {isa = PBXFileReference; lastKnownFileType = folder.assetcatalog; path = "Preview Assets.xcassets"; sourceTree = "<group>"; };
		40B8D0F522D487260081CD0C /* Base */ = {isa = PBXFileReference; lastKnownFileType = file.storyboard; name = Base; path = Base.lproj/LaunchScreen.storyboard; sourceTree = "<group>"; };
		40B8D0F722D487260081CD0C /* Info.plist */ = {isa = PBXFileReference; lastKnownFileType = text.plist.xml; path = Info.plist; sourceTree = "<group>"; };
		40B8D0FD22D487B20081CD0C /* Helper.swift */ = {isa = PBXFileReference; fileEncoding = 4; lastKnownFileType = sourcecode.swift; name = Helper.swift; path = "../../../../../Downloads/live/iDine-Assets/Helper.swift"; sourceTree = "<group>"; };
		40B8D0FF22D487BD0081CD0C /* Menu.swift */ = {isa = PBXFileReference; fileEncoding = 4; lastKnownFileType = sourcecode.swift; name = Menu.swift; path = "../../../../../Downloads/live/iDine-Assets/Menu.swift"; sourceTree = "<group>"; };
		40B8D10022D487BE0081CD0C /* Order.swift */ = {isa = PBXFileReference; fileEncoding = 4; lastKnownFileType = sourcecode.swift; name = Order.swift; path = "../../../../../Downloads/live/iDine-Assets/Order.swift"; sourceTree = "<group>"; };
		40B8D10322D487E90081CD0C /* menu.json */ = {isa = PBXFileReference; fileEncoding = 4; lastKnownFileType = text.json; name = menu.json; path = "../../../../../Downloads/live/iDine-Assets/menu.json"; sourceTree = "<group>"; };
		40DFB08C22D48DB200D6D112 /* ItemRow.swift */ = {isa = PBXFileReference; lastKnownFileType = sourcecode.swift; path = ItemRow.swift; sourceTree = "<group>"; };
		40DFB08E22D495D600D6D112 /* ItemDetail.swift */ = {isa = PBXFileReference; lastKnownFileType = sourcecode.swift; path = ItemDetail.swift; sourceTree = "<group>"; };
		40DFB09022D4A2FA00D6D112 /* OrderView.swift */ = {isa = PBXFileReference; lastKnownFileType = sourcecode.swift; path = OrderView.swift; sourceTree = "<group>"; };
		40DFB09222D4A45200D6D112 /* TabView.swift */ = {isa = PBXFileReference; lastKnownFileType = sourcecode.swift; path = TabView.swift; sourceTree = "<group>"; };
		40DFB09422D4A60100D6D112 /* CheckoutView.swift */ = {isa = PBXFileReference; lastKnownFileType = sourcecode.swift; path = CheckoutView.swift; sourceTree = "<group>"; };
/* End PBXFileReference section */

/* Begin PBXFrameworksBuildPhase section */
		40B8D0E322D487240081CD0C /* Frameworks */ = {
			isa = PBXFrameworksBuildPhase;
			buildActionMask = 2147483647;
			files = (
			);
			runOnlyForDeploymentPostprocessing = 0;
		};
/* End PBXFrameworksBuildPhase section */

/* Begin PBXGroup section */
		406E2C6A22D5207700D3D460 /* Views */ = {
			isa = PBXGroup;
			children = (
				40DFB08C22D48DB200D6D112 /* ItemRow.swift */,
				40DFB08E22D495D600D6D112 /* ItemDetail.swift */,
				40DFB09422D4A60100D6D112 /* CheckoutView.swift */,
				40DFB09022D4A2FA00D6D112 /* OrderView.swift */,
				40DFB09222D4A45200D6D112 /* TabView.swift */,
				40B8D0ED22D487240081CD0C /* ContentView.swift */,
			);
			path = Views;
			sourceTree = "<group>";
		};
		406E2C6E22D520A800D3D460 /* Models */ = {
			isa = PBXGroup;
			children = (
				406E2C6F22D520AE00D3D460 /* Menu.swift */,
				406E2C7022D520AE00D3D460 /* Order.swift */,
				406E2C7122D521ED00D3D460 /* ColorProvider.swift */,
			);
			path = Models;
			sourceTree = "<group>";
		};
		40B8D0DD22D487240081CD0C = {
			isa = PBXGroup;
			children = (
				406E2C6A22D5207700D3D460 /* Views */,
				40B8D0E822D487240081CD0C /* iDine */,
				40B8D0E722D487240081CD0C /* Products */,
			);
			sourceTree = "<group>";
		};
		40B8D0E722D487240081CD0C /* Products */ = {
			isa = PBXGroup;
			children = (
				40B8D0E622D487240081CD0C /* iDine.app */,
			);
			name = Products;
			sourceTree = "<group>";
		};
		40B8D0E822D487240081CD0C /* iDine */ = {
			isa = PBXGroup;
			children = (
				40B8D0E922D487240081CD0C /* AppDelegate.swift */,
				40B8D0EB22D487240081CD0C /* SceneDelegate.swift */,
				40B8D0FD22D487B20081CD0C /* Helper.swift */,
				40B8D0FF22D487BD0081CD0C /* Menu.swift */,
				406E2C6E22D520A800D3D460 /* Models */,
				40B8D10022D487BE0081CD0C /* Order.swift */,
				40B8D0EF22D487260081CD0C /* Assets.xcassets */,
				40B8D0F422D487260081CD0C /* LaunchScreen.storyboard */,
				40B8D0F722D487260081CD0C /* Info.plist */,
				40B8D10322D487E90081CD0C /* menu.json */,
				40B8D0F122D487260081CD0C /* Preview Content */,
			);
			path = iDine;
			sourceTree = "<group>";
		};
		40B8D0F122D487260081CD0C /* Preview Content */ = {
			isa = PBXGroup;
			children = (
				40B8D0F222D487260081CD0C /* Preview Assets.xcassets */,
			);
			path = "Preview Content";
			sourceTree = "<group>";
		};
/* End PBXGroup section */

/* Begin PBXNativeTarget section */
		40B8D0E522D487240081CD0C /* iDine */ = {
			isa = PBXNativeTarget;
			buildConfigurationList = 40B8D0FA22D487260081CD0C /* Build configuration list for PBXNativeTarget "iDine" */;
			buildPhases = (
				40B8D0E222D487240081CD0C /* Sources */,
				40B8D0E322D487240081CD0C /* Frameworks */,
				40B8D0E422D487240081CD0C /* Resources */,
			);
			buildRules = (
			);
			dependencies = (
			);
			name = iDine;
			productName = iDine;
			productReference = 40B8D0E622D487240081CD0C /* iDine.app */;
			productType = "com.apple.product-type.application";
		};
/* End PBXNativeTarget section */

/* Begin PBXProject section */
		40B8D0DE22D487240081CD0C /* Project object */ = {
			isa = PBXProject;
			attributes = {
				LastSwiftUpdateCheck = 1100;
				LastUpgradeCheck = 1100;
				ORGANIZATIONNAME = HCOM;
				TargetAttributes = {
					40B8D0E522D487240081CD0C = {
						CreatedOnToolsVersion = 11.0;
					};
				};
			};
			buildConfigurationList = 40B8D0E122D487240081CD0C /* Build configuration list for PBXProject "iDine" */;
			compatibilityVersion = "Xcode 9.3";
			developmentRegion = en;
			hasScannedForEncodings = 0;
			knownRegions = (
				en,
				Base,
			);
			mainGroup = 40B8D0DD22D487240081CD0C;
			productRefGroup = 40B8D0E722D487240081CD0C /* Products */;
			projectDirPath = "";
			projectRoot = "";
			targets = (
				40B8D0E522D487240081CD0C /* iDine */,
			);
		};
/* End PBXProject section */

/* Begin PBXResourcesBuildPhase section */
		40B8D0E422D487240081CD0C /* Resources */ = {
			isa = PBXResourcesBuildPhase;
			buildActionMask = 2147483647;
			files = (
				40B8D0F622D487260081CD0C /* LaunchScreen.storyboard in Resources */,
				40B8D0F322D487260081CD0C /* Preview Assets.xcassets in Resources */,
				40B8D10422D487E90081CD0C /* menu.json in Resources */,
				40B8D0F022D487260081CD0C /* Assets.xcassets in Resources */,
			);
			runOnlyForDeploymentPostprocessing = 0;
		};
/* End PBXResourcesBuildPhase section */

/* Begin PBXSourcesBuildPhase section */
		40B8D0E222D487240081CD0C /* Sources */ = {
			isa = PBXSourcesBuildPhase;
			buildActionMask = 2147483647;
			files = (
				406E2C7222D521ED00D3D460 /* ColorProvider.swift in Sources */,
				40DFB09322D4A45200D6D112 /* TabView.swift in Sources */,
				40DFB09522D4A60100D6D112 /* CheckoutView.swift in Sources */,
				40B8D10222D487BE0081CD0C /* Order.swift in Sources */,
				40DFB08F22D495D600D6D112 /* ItemDetail.swift in Sources */,
				40B8D0EA22D487240081CD0C /* AppDelegate.swift in Sources */,
				40B8D0EC22D487240081CD0C /* SceneDelegate.swift in Sources */,
				40DFB08D22D48DB200D6D112 /* ItemRow.swift in Sources */,
				40B8D0EE22D487240081CD0C /* ContentView.swift in Sources */,
				40DFB09122D4A2FA00D6D112 /* OrderView.swift in Sources */,
				40B8D0FE22D487B20081CD0C /* Helper.swift in Sources */,
				40B8D10122D487BE0081CD0C /* Menu.swift in Sources */,
			);
			runOnlyForDeploymentPostprocessing = 0;
		};
/* End PBXSourcesBuildPhase section */

/* Begin PBXVariantGroup section */
		40B8D0F422D487260081CD0C /* LaunchScreen.storyboard */ = {
			isa = PBXVariantGroup;
			children = (
				40B8D0F522D487260081CD0C /* Base */,
			);
			name = LaunchScreen.storyboard;
			sourceTree = "<group>";
		};
/* End PBXVariantGroup section */

/* Begin XCBuildConfiguration section */
		40B8D0F822D487260081CD0C /* Debug */ = {
			isa = XCBuildConfiguration;
			buildSettings = {
				ALWAYS_SEARCH_USER_PATHS = NO;
				CLANG_ANALYZER_NONNULL = YES;
				CLANG_ANALYZER_NUMBER_OBJECT_CONVERSION = YES_AGGRESSIVE;
				CLANG_CXX_LANGUAGE_STANDARD = "gnu++14";
				CLANG_CXX_LIBRARY = "libc++";
				CLANG_ENABLE_MODULES = YES;
				CLANG_ENABLE_OBJC_ARC = YES;
				CLANG_ENABLE_OBJC_WEAK = YES;
				CLANG_WARN_BLOCK_CAPTURE_AUTORELEASING = YES;
				CLANG_WARN_BOOL_CONVERSION = YES;
				CLANG_WARN_COMMA = YES;
				CLANG_WARN_CONSTANT_CONVERSION = YES;
				CLANG_WARN_DEPRECATED_OBJC_IMPLEMENTATIONS = YES;
				CLANG_WARN_DIRECT_OBJC_ISA_USAGE = YES_ERROR;
				CLANG_WARN_DOCUMENTATION_COMMENTS = YES;
				CLANG_WARN_EMPTY_BODY = YES;
				CLANG_WARN_ENUM_CONVERSION = YES;
				CLANG_WARN_INFINITE_RECURSION = YES;
				CLANG_WARN_INT_CONVERSION = YES;
				CLANG_WARN_NON_LITERAL_NULL_CONVERSION = YES;
				CLANG_WARN_OBJC_IMPLICIT_RETAIN_SELF = YES;
				CLANG_WARN_OBJC_LITERAL_CONVERSION = YES;
				CLANG_WARN_OBJC_ROOT_CLASS = YES_ERROR;
				CLANG_WARN_RANGE_LOOP_ANALYSIS = YES;
				CLANG_WARN_STRICT_PROTOTYPES = YES;
				CLANG_WARN_SUSPICIOUS_MOVE = YES;
				CLANG_WARN_UNGUARDED_AVAILABILITY = YES_AGGRESSIVE;
				CLANG_WARN_UNREACHABLE_CODE = YES;
				CLANG_WARN__DUPLICATE_METHOD_MATCH = YES;
				COPY_PHASE_STRIP = NO;
				DEBUG_INFORMATION_FORMAT = dwarf;
				ENABLE_STRICT_OBJC_MSGSEND = YES;
				ENABLE_TESTABILITY = YES;
				GCC_C_LANGUAGE_STANDARD = gnu11;
				GCC_DYNAMIC_NO_PIC = NO;
				GCC_NO_COMMON_BLOCKS = YES;
				GCC_OPTIMIZATION_LEVEL = 0;
				GCC_PREPROCESSOR_DEFINITIONS = (
					"DEBUG=1",
					"$(inherited)",
				);
				GCC_WARN_64_TO_32_BIT_CONVERSION = YES;
				GCC_WARN_ABOUT_RETURN_TYPE = YES_ERROR;
				GCC_WARN_UNDECLARED_SELECTOR = YES;
				GCC_WARN_UNINITIALIZED_AUTOS = YES_AGGRESSIVE;
				GCC_WARN_UNUSED_FUNCTION = YES;
				GCC_WARN_UNUSED_VARIABLE = YES;
				IPHONEOS_DEPLOYMENT_TARGET = 13.0;
				MTL_ENABLE_DEBUG_INFO = INCLUDE_SOURCE;
				MTL_FAST_MATH = YES;
				ONLY_ACTIVE_ARCH = YES;
				SDKROOT = iphoneos;
				SWIFT_ACTIVE_COMPILATION_CONDITIONS = DEBUG;
				SWIFT_OPTIMIZATION_LEVEL = "-Onone";
			};
			name = Debug;
		};
		40B8D0F922D487260081CD0C /* Release */ = {
			isa = XCBuildConfiguration;
			buildSettings = {
				ALWAYS_SEARCH_USER_PATHS = NO;
				CLANG_ANALYZER_NONNULL = YES;
				CLANG_ANALYZER_NUMBER_OBJECT_CONVERSION = YES_AGGRESSIVE;
				CLANG_CXX_LANGUAGE_STANDARD = "gnu++14";
				CLANG_CXX_LIBRARY = "libc++";
				CLANG_ENABLE_MODULES = YES;
				CLANG_ENABLE_OBJC_ARC = YES;
				CLANG_ENABLE_OBJC_WEAK = YES;
				CLANG_WARN_BLOCK_CAPTURE_AUTORELEASING = YES;
				CLANG_WARN_BOOL_CONVERSION = YES;
				CLANG_WARN_COMMA = YES;
				CLANG_WARN_CONSTANT_CONVERSION = YES;
				CLANG_WARN_DEPRECATED_OBJC_IMPLEMENTATIONS = YES;
				CLANG_WARN_DIRECT_OBJC_ISA_USAGE = YES_ERROR;
				CLANG_WARN_DOCUMENTATION_COMMENTS = YES;
				CLANG_WARN_EMPTY_BODY = YES;
				CLANG_WARN_ENUM_CONVERSION = YES;
				CLANG_WARN_INFINITE_RECURSION = YES;
				CLANG_WARN_INT_CONVERSION = YES;
				CLANG_WARN_NON_LITERAL_NULL_CONVERSION = YES;
				CLANG_WARN_OBJC_IMPLICIT_RETAIN_SELF = YES;
				CLANG_WARN_OBJC_LITERAL_CONVERSION = YES;
				CLANG_WARN_OBJC_ROOT_CLASS = YES_ERROR;
				CLANG_WARN_RANGE_LOOP_ANALYSIS = YES;
				CLANG_WARN_STRICT_PROTOTYPES = YES;
				CLANG_WARN_SUSPICIOUS_MOVE = YES;
				CLANG_WARN_UNGUARDED_AVAILABILITY = YES_AGGRESSIVE;
				CLANG_WARN_UNREACHABLE_CODE = YES;
				CLANG_WARN__DUPLICATE_METHOD_MATCH = YES;
				COPY_PHASE_STRIP = NO;
				DEBUG_INFORMATION_FORMAT = "dwarf-with-dsym";
				ENABLE_NS_ASSERTIONS = NO;
				ENABLE_STRICT_OBJC_MSGSEND = YES;
				GCC_C_LANGUAGE_STANDARD = gnu11;
				GCC_NO_COMMON_BLOCKS = YES;
				GCC_WARN_64_TO_32_BIT_CONVERSION = YES;
				GCC_WARN_ABOUT_RETURN_TYPE = YES_ERROR;
				GCC_WARN_UNDECLARED_SELECTOR = YES;
				GCC_WARN_UNINITIALIZED_AUTOS = YES_AGGRESSIVE;
				GCC_WARN_UNUSED_FUNCTION = YES;
				GCC_WARN_UNUSED_VARIABLE = YES;
				IPHONEOS_DEPLOYMENT_TARGET = 13.0;
				MTL_ENABLE_DEBUG_INFO = NO;
				MTL_FAST_MATH = YES;
				SDKROOT = iphoneos;
				SWIFT_COMPILATION_MODE = wholemodule;
				SWIFT_OPTIMIZATION_LEVEL = "-O";
				VALIDATE_PRODUCT = YES;
			};
			name = Release;
		};
		40B8D0FB22D487260081CD0C /* Debug */ = {
			isa = XCBuildConfiguration;
			buildSettings = {
				ASSETCATALOG_COMPILER_APPICON_NAME = AppIcon;
				CODE_SIGN_STYLE = Automatic;
				DEVELOPMENT_ASSET_PATHS = "iDine/Preview\\ Content";
				DEVELOPMENT_TEAM = QW9YDLAY9G;
				ENABLE_PREVIEWS = YES;
				INFOPLIST_FILE = iDine/Info.plist;
				LD_RUNPATH_SEARCH_PATHS = (
					"$(inherited)",
					"@executable_path/Frameworks",
				);
				PRODUCT_BUNDLE_IDENTIFIER = com.expediagroup.mobile.hcom.iDine;
				PRODUCT_NAME = "$(TARGET_NAME)";
				SWIFT_VERSION = 5.0;
				TARGETED_DEVICE_FAMILY = "1,2";
			};
			name = Debug;
		};
		40B8D0FC22D487260081CD0C /* Release */ = {
			isa = XCBuildConfiguration;
			buildSettings = {
				ASSETCATALOG_COMPILER_APPICON_NAME = AppIcon;
				CODE_SIGN_STYLE = Automatic;
				DEVELOPMENT_ASSET_PATHS = "iDine/Preview\\ Content";
				DEVELOPMENT_TEAM = QW9YDLAY9G;
				ENABLE_PREVIEWS = YES;
				INFOPLIST_FILE = iDine/Info.plist;
				LD_RUNPATH_SEARCH_PATHS = (
					"$(inherited)",
					"@executable_path/Frameworks",
				);
				PRODUCT_BUNDLE_IDENTIFIER = com.expediagroup.mobile.hcom.iDine;
				PRODUCT_NAME = "$(TARGET_NAME)";
				SWIFT_VERSION = 5.0;
				TARGETED_DEVICE_FAMILY = "1,2";
			};
			name = Release;
		};
/* End XCBuildConfiguration section */

/* Begin XCConfigurationList section */
		40B8D0E122D487240081CD0C /* Build configuration list for PBXProject "iDine" */ = {
			isa = XCConfigurationList;
			buildConfigurations = (
				40B8D0F822D487260081CD0C /* Debug */,
				40B8D0F922D487260081CD0C /* Release */,
			);
			defaultConfigurationIsVisible = 0;
			defaultConfigurationName = Release;
		};
		40B8D0FA22D487260081CD0C /* Build configuration list for PBXNativeTarget "iDine" */ = {
			isa = XCConfigurationList;
			buildConfigurations = (
				40B8D0FB22D487260081CD0C /* Debug */,
				40B8D0FC22D487260081CD0C /* Release */,
			);
			defaultConfigurationIsVisible = 0;
			defaultConfigurationName = Release;
		};
/* End XCConfigurationList section */
	};
	rootObject = 40B8D0DE22D487240081CD0C /* Project object */;
}
